# This file is automatically @generated by Cargo.
# It is not intended for manual editing.
version = 4

[[package]]
name = "crossbeam"
version = "0.8.5"
source = "registry+https://github.com/rust-lang/crates.io-index"
checksum = "e71406cd8807725f7ac2f999a4cdd32e98f829fdf65f528343cebf945e41df1e"
dependencies = [
 "crossbeam-epoch",
 "crossbeam-queue",
 "crossbeam-utils",
]

[[package]]
name = "crossbeam-epoch"
version = "0.9.21"
source = "registry+https://github.com/rust-lang/crates.io-index"
checksum = "dc74980687109a3b14c72fd458107bf0baa1da1a1a805e178d15501ba9b86d9d"
dependencies = [
 "crossbeam-utils",
]

[[package]]
name = "crossbeam-queue"
version = "0.3.14"
source = "registry+https://github.com/rust-lang/crates.io-index"
checksum = "03e8bd762f7479489c70ed6c768ddca99d7296857de437a68dcb2a94365b3fae"
dependencies = [
 "crossbeam-utils",
]

[[package]]
name = "crossbeam-utils"
version = "0.8.23"
source = "registry+https://github.com/rust-lang/crates.io-index"
checksum = "a31eee39dddec8330830986fcd7625edb5a24ec90ea038215273bbc3adb08ac6"

[[package]]
name = "log"
version = "0.4.34"
source = "registry+https://github.com/rust-lang/crates.io-index"
checksum = "f9f8bd3e56ce4dfc153cf470fffbfa98c7620958b312ca5c3a4b8d5181fd13c6"

[[package]]
name = "moto-async"
version = "0.1.0"
dependencies = [
 "crossbeam",
 "log",
 "moto-mpmc",
 "moto-rt",
 "moto-sys",
]

[[package]]
name = "moto-ipc"
version = "0.2.6"
dependencies = [
 "log",
 "moto-async",
 "moto-rt",
 "moto-sys",
]

[[package]]
name = "moto-mpmc"
version = "0.1.0"
dependencies = [
 "crossbeam-utils",
 "moto-rt",
 "moto-sys",
]

[[package]]
name = "moto-rt"
version = "0.17.7"

[[package]]
name = "moto-stats"
version = "0.1.0"
dependencies = [
 "moto-ipc",
 "moto-rt",
 "moto-sys",
]

[[package]]
name = "moto-sys"
version = "0.3.0"
dependencies = [
 "moto-rt",
]

[[package]]
name = "wasm-smoke-suite"
version = "0.1.0"
dependencies = [
 "moto-stats",
 "moto-sys",
]

[[package]]
name = "wasmtime-smoke"
version = "0.1.0"
dependencies = [
 "wasm-smoke-suite",
]
